
Microsoft Visual Studio Solution File, Format Version 12.00
# Visual Studio Version 17
VisualStudioVersion = 17.11.35327.3
MinimumVisualStudioVersion = 10.0.40219.1
Project("{9A19103F-16F7-4668-BE54-9A1E7A4F7556}") = "XShell.Mpa.Sample", "XShell.Mpa.Sample\XShell.Mpa.Sample.csproj", "{4189E9D8-8860-4781-92F2-2F1CB8E56A63}"
EndProject
Project("{9A19103F-16F7-4668-BE54-9A1E7A4F7556}") = "XShell.Mpa", "XShell.Mpa\XShell.Mpa.csproj", "{8EC24796-5D44-4CB3-B656-82C090FD249E}"
EndProject
Project("{9A19103F-16F7-4668-BE54-9A1E7A4F7556}") = "XShell.Mpa.Sample.Module1", "XShell.Mpa.Sample.Module1\XShell.Mpa.Sample.Module1.csproj", "{09CB0B7B-C4DA-4584-99B4-37A11C9E057D}"
EndProject
Project("{9A19103F-16F7-4668-BE54-9A1E7A4F7556}") = "XShell.Mpa.Sample.Module2", "XShell.Mpa.Sample.Module2\XShell.Mpa.Sample.Module2.csproj", "{57BA75CC-D8E4-41B3-A0E9-D04ABF13043F}"
EndProject
Global
	GlobalSection(SolutionConfigurationPlatforms) = preSolution
		Debug|Any CPU = Debug|Any CPU
		Release|Any CPU = Release|Any CPU
	EndGlobalSection
	GlobalSection(ProjectConfigurationPlatforms) = postSolution
		{4189E9D8-8860-4781-92F2-2F1CB8E56A63}.Debug|Any CPU.ActiveCfg = Debug|Any CPU
		{4189E9D8-8860-4781-92F2-2F1CB8E56A63}.Debug|Any CPU.Build.0 = Debug|Any CPU
		{4189E9D8-8860-4781-92F2-2F1CB8E56A63}.Release|Any CPU.ActiveCfg = Release|Any CPU
		{4189E9D8-8860-4781-92F2-2F1CB8E56A63}.Release|Any CPU.Build.0 = Release|Any CPU
		{8EC24796-5D44-4CB3-B656-82C090FD249E}.Debug|Any CPU.ActiveCfg = Debug|Any CPU
		{8EC24796-5D44-4CB3-B656-82C090FD249E}.Debug|Any CPU.Build.0 = Debug|Any CPU
		{8EC24796-5D44-4CB3-B656-82C090FD249E}.Release|Any CPU.ActiveCfg = Release|Any CPU
		{8EC24796-5D44-4CB3-B656-82C090FD249E}.Release|Any CPU.Build.0 = Release|Any CPU
		{09CB0B7B-C4DA-4584-99B4-37A11C9E057D}.Debug|Any CPU.ActiveCfg = Debug|Any CPU
		{09CB0B7B-C4DA-4584-99B4-37A11C9E057D}.Debug|Any CPU.Build.0 = Debug|Any CPU
		{09CB0B7B-C4DA-4584-99B4-37A11C9E057D}.Release|Any CPU.ActiveCfg = Release|Any CPU
		{09CB0B7B-C4DA-4584-99B4-37A11C9E057D}.Release|Any CPU.Build.0 = Release|Any CPU
		{57BA75CC-D8E4-41B3-A0E9-D04ABF13043F}.Debug|Any CPU.ActiveCfg = Debug|Any CPU
		{57BA75CC-D8E4-41B3-A0E9-D04ABF13043F}.Debug|Any CPU.Build.0 = Debug|Any CPU
		{57BA75CC-D8E4-41B3-A0E9-D04ABF13043F}.Release|Any CPU.ActiveCfg = Release|Any CPU
		{57BA75CC-D8E4-41B3-A0E9-D04ABF13043F}.Release|Any CPU.Build.0 = Release|Any CPU
	EndGlobalSection
	GlobalSection(SolutionProperties) = preSolution
		HideSolutionNode = FALSE
	EndGlobalSection
	GlobalSection(ExtensibilityGlobals) = postSolution
		SolutionGuid = {B325BAFC-A6C1-4CEF-B4CF-59EF0B72A6D5}
	EndGlobalSection
EndGlobal
